
Microsoft Visual Studio Solution File, Format Version 12.00
# Visual Studio Version 17
VisualStudioVersion = 17.14.36327.8 d17.14
MinimumVisualStudioVersion = 10.0.40219.1
Project("{FAE04EC0-301F-11D3-BF4B-00C04F79EFBC}") = "WallpaperManager", "WallpaperManager\WallpaperManager.csproj", "{DF4C606C-44C0-4F23-9DBD-CB95CF250D58}"
EndProject
Global
	GlobalSection(SolutionConfigurationPlatforms) = preSolution
		Debug|Any CPU = Debug|Any CPU
		Release|Any CPU = Release|Any CPU
	EndGlobalSection
	GlobalSection(ProjectConfigurationPlatforms) = postSolution
		{DF4C606C-44C0-4F23-9DBD-CB95CF250D58}.Debug|Any CPU.ActiveCfg = Debug|Any CPU
		{DF4C606C-44C0-4F23-9DBD-CB95CF250D58}.Debug|Any CPU.Build.0 = Debug|Any CPU
		{DF4C606C-44C0-4F23-9DBD-CB95CF250D58}.Release|Any CPU.ActiveCfg = Release|Any CPU
		{DF4C606C-44C0-4F23-9DBD-CB95CF250D58}.Release|Any CPU.Build.0 = Release|Any CPU
	EndGlobalSection
	GlobalSection(SolutionProperties) = preSolution
		HideSolutionNode = FALSE
	EndGlobalSection
	GlobalSection(ExtensibilityGlobals) = postSolution
		SolutionGuid = {F12FD779-0615-4930-AEDA-D639C7C61E3E}
	EndGlobalSection
EndGlobal
